
Microsoft Visual Studio Solution File, Format Version 12.00
# Visual Studio Version 17
VisualStudioVersion = 17.14.36414.22 d17.14
MinimumVisualStudioVersion = 10.0.40219.1
Project("{FAE04EC0-301F-11D3-BF4B-00C04F79EFBC}") = "Tumakov", "Tumakov\Tumakov.csproj", "{B4416227-10A5-4673-A11A-EA8CEB12C48D}"
EndProject
Project("{FAE04EC0-301F-11D3-BF4B-00C04F79EFBC}") = "Latypova", "Latypova\Latypova.csproj", "{05BEA25D-4F42-434E-B27B-0519C764C529}"
EndProject
Global
	GlobalSection(SolutionConfigurationPlatforms) = preSolution
		Debug|Any CPU = Debug|Any CPU
		Release|Any CPU = Release|Any CPU
	EndGlobalSection
	GlobalSection(ProjectConfigurationPlatforms) = postSolution
		{B4416227-10A5-4673-A11A-EA8CEB12C48D}.Debug|Any CPU.ActiveCfg = Debug|Any CPU
		{B4416227-10A5-4673-A11A-EA8CEB12C48D}.Debug|Any CPU.Build.0 = Debug|Any CPU
		{B4416227-10A5-4673-A11A-EA8CEB12C48D}.Release|Any CPU.ActiveCfg = Release|Any CPU
		{B4416227-10A5-4673-A11A-EA8CEB12C48D}.Release|Any CPU.Build.0 = Release|Any CPU
		{05BEA25D-4F42-434E-B27B-0519C764C529}.Debug|Any CPU.ActiveCfg = Debug|Any CPU
		{05BEA25D-4F42-434E-B27B-0519C764C529}.Debug|Any CPU.Build.0 = Debug|Any CPU
		{05BEA25D-4F42-434E-B27B-0519C764C529}.Release|Any CPU.ActiveCfg = Release|Any CPU
		{05BEA25D-4F42-434E-B27B-0519C764C529}.Release|Any CPU.Build.0 = Release|Any CPU
	EndGlobalSection
	GlobalSection(SolutionProperties) = preSolution
		HideSolutionNode = FALSE
	EndGlobalSection
	GlobalSection(ExtensibilityGlobals) = postSolution
		SolutionGuid = {8CA4F132-ABAE-4F94-AA6E-8AA06FBB37DD}
	EndGlobalSection
EndGlobal
